
Microsoft Visual Studio Solution File, Format Version 12.00
# Visual Studio Version 16
VisualStudioVersion = 16.0.30225.117
MinimumVisualStudioVersion = 10.0.40219.1
Project("{FAE04EC0-301F-11D3-BF4B-00C04F79EFBC}") = "SudokuSolver", "SudokuSolver\SudokuSolver.csproj", "{EBD47905-B21F-4EC2-BD56-6B097E08F098}"
EndProject
Project("{FAE04EC0-301F-11D3-BF4B-00C04F79EFBC}") = "SudokuSolverTest", "SudokuSolverTest\SudokuSolverTest.csproj", "{3D585DC7-4EE9-4721-A6F6-D73599841D44}"
EndProject
Global
	GlobalSection(SolutionConfigurationPlatforms) = preSolution
		Debug|Any CPU = Debug|Any CPU
		Release|Any CPU = Release|Any CPU
	EndGlobalSection
	GlobalSection(ProjectConfigurationPlatforms) = postSolution
		{EBD47905-B21F-4EC2-BD56-6B097E08F098}.Debug|Any CPU.ActiveCfg = Debug|Any CPU
		{EBD47905-B21F-4EC2-BD56-6B097E08F098}.Debug|Any CPU.Build.0 = Debug|Any CPU
		{EBD47905-B21F-4EC2-BD56-6B097E08F098}.Release|Any CPU.ActiveCfg = Release|Any CPU
		{EBD47905-B21F-4EC2-BD56-6B097E08F098}.Release|Any CPU.Build.0 = Release|Any CPU
		{3D585DC7-4EE9-4721-A6F6-D73599841D44}.Debug|Any CPU.ActiveCfg = Debug|Any CPU
		{3D585DC7-4EE9-4721-A6F6-D73599841D44}.Debug|Any CPU.Build.0 = Debug|Any CPU
		{3D585DC7-4EE9-4721-A6F6-D73599841D44}.Release|Any CPU.ActiveCfg = Release|Any CPU
		{3D585DC7-4EE9-4721-A6F6-D73599841D44}.Release|Any CPU.Build.0 = Release|Any CPU
	EndGlobalSection
	GlobalSection(SolutionProperties) = preSolution
		HideSolutionNode = FALSE
	EndGlobalSection
	GlobalSection(ExtensibilityGlobals) = postSolution
		SolutionGuid = {8585DF6A-08A1-42EA-BE73-FED18EC94EFA}
	EndGlobalSection
EndGlobal
